
Microsoft Visual Studio Solution File, Format Version 12.00
# Visual Studio 15
VisualStudioVersion = 15.0.28307.136
MinimumVisualStudioVersion = 10.0.40219.1
Project("{FAE04EC0-301F-11D3-BF4B-00C04F79EFBC}") = "EsiNet", "EsiNet\EsiNet.csproj", "{EE7116E3-11DE-4D36-9A0F-BCFEED26F66E}"
EndProject
Global
	GlobalSection(SolutionConfigurationPlatforms) = preSolution
		Debug|Any CPU = Debug|Any CPU
		Release|Any CPU = Release|Any CPU
	EndGlobalSection
	GlobalSection(ProjectConfigurationPlatforms) = postSolution
		{EE7116E3-11DE-4D36-9A0F-BCFEED26F66E}.Debug|Any CPU.ActiveCfg = Debug|Any CPU
		{EE7116E3-11DE-4D36-9A0F-BCFEED26F66E}.Debug|Any CPU.Build.0 = Debug|Any CPU
		{EE7116E3-11DE-4D36-9A0F-BCFEED26F66E}.Release|Any CPU.ActiveCfg = Release|Any CPU
		{EE7116E3-11DE-4D36-9A0F-BCFEED26F66E}.Release|Any CPU.Build.0 = Release|Any CPU
	EndGlobalSection
	GlobalSection(SolutionProperties) = preSolution
		HideSolutionNode = FALSE
	EndGlobalSection
	GlobalSection(ExtensibilityGlobals) = postSolution
		SolutionGuid = {990FD6FB-FE2A-423E-BAEC-2B131F7A9767}
	EndGlobalSection
EndGlobal
